
Microsoft Visual Studio Solution File, Format Version 12.00
# Visual Studio 15
VisualStudioVersion = 15.0.27428.2037
MinimumVisualStudioVersion = 10.0.40219.1
Project("{FAE04EC0-301F-11D3-BF4B-00C04F79EFBC}") = "TshockPlugin", "TshockPlugin\TshockPlugin.csproj", "{280E0889-B2FC-4AEC-B614-8A7AEA75DDE2}"
EndProject
Project("{FAE04EC0-301F-11D3-BF4B-00C04F79EFBC}") = "VSIXProject", "VSIXProject\VSIXProject.csproj", "{A4BE5DA3-4D95-44FD-8F4E-939F3116C930}"
EndProject
Global
	GlobalSection(SolutionConfigurationPlatforms) = preSolution
		Debug|Any CPU = Debug|Any CPU
		Release|Any CPU = Release|Any CPU
	EndGlobalSection
	GlobalSection(ProjectConfigurationPlatforms) = postSolution
		{280E0889-B2FC-4AEC-B614-8A7AEA75DDE2}.Debug|Any CPU.ActiveCfg = Debug|Any CPU
		{280E0889-B2FC-4AEC-B614-8A7AEA75DDE2}.Debug|Any CPU.Build.0 = Debug|Any CPU
		{280E0889-B2FC-4AEC-B614-8A7AEA75DDE2}.Release|Any CPU.ActiveCfg = Release|Any CPU
		{280E0889-B2FC-4AEC-B614-8A7AEA75DDE2}.Release|Any CPU.Build.0 = Release|Any CPU
		{A4BE5DA3-4D95-44FD-8F4E-939F3116C930}.Debug|Any CPU.ActiveCfg = Debug|Any CPU
		{A4BE5DA3-4D95-44FD-8F4E-939F3116C930}.Debug|Any CPU.Build.0 = Debug|Any CPU
		{A4BE5DA3-4D95-44FD-8F4E-939F3116C930}.Release|Any CPU.ActiveCfg = Release|Any CPU
		{A4BE5DA3-4D95-44FD-8F4E-939F3116C930}.Release|Any CPU.Build.0 = Release|Any CPU
	EndGlobalSection
	GlobalSection(SolutionProperties) = preSolution
		HideSolutionNode = FALSE
	EndGlobalSection
	GlobalSection(ExtensibilityGlobals) = postSolution
		SolutionGuid = {EBBBFDC4-5D6D-4DF5-B205-2B071D8F0E06}
	EndGlobalSection
EndGlobal
